
Microsoft Visual Studio Solution File, Format Version 12.00
# Visual Studio Version 17
VisualStudioVersion = 17.5.002.0
MinimumVisualStudioVersion = 10.0.40219.1
Project("{9A19103F-16F7-4668-BE54-9A1E7A4F7556}") = "Share.Analyzer", "Analyzer\Share.Analyzer.csproj", "{57F17CC8-F26D-496E-B8E9-2601F9FF3CE5}"
EndProject
Project("{9A19103F-16F7-4668-BE54-9A1E7A4F7556}") = "Share.SourceGenerator", "Share.SourceGenerator\Share.SourceGenerator.csproj", "{26B3F75F-AB7F-48F8-B234-F5A26E8CA319}"
EndProject
Project("{9A19103F-16F7-4668-BE54-9A1E7A4F7556}") = "Share.Tool", "Tool\Share.Tool.csproj", "{F02E4A8C-07E7-4C7F-B30A-3D5BE1C7CB98}"
EndProject
Project("{FAE04EC0-301F-11D3-BF4B-00C04F79EFBC}") = "ThirdParty", "..\Server\ThirdParty\ThirdParty.csproj", "{23425ADC-1091-46A0-94BF-8EA6A7F5EFD7}"
EndProject
Project("{FAE04EC0-301F-11D3-BF4B-00C04F79EFBC}") = "Core", "..\Server\Core\Core.csproj", "{CA734AB9-F825-4DDA-BCB1-AD5FC464CAB0}"
EndProject
Global
	GlobalSection(SolutionConfigurationPlatforms) = preSolution
		Debug|Any CPU = Debug|Any CPU
		Release|Any CPU = Release|Any CPU
	EndGlobalSection
	GlobalSection(ProjectConfigurationPlatforms) = postSolution
		{57F17CC8-F26D-496E-B8E9-2601F9FF3CE5}.Debug|Any CPU.ActiveCfg = Debug|Any CPU
		{57F17CC8-F26D-496E-B8E9-2601F9FF3CE5}.Debug|Any CPU.Build.0 = Debug|Any CPU
		{57F17CC8-F26D-496E-B8E9-2601F9FF3CE5}.Release|Any CPU.ActiveCfg = Release|Any CPU
		{57F17CC8-F26D-496E-B8E9-2601F9FF3CE5}.Release|Any CPU.Build.0 = Release|Any CPU
		{26B3F75F-AB7F-48F8-B234-F5A26E8CA319}.Debug|Any CPU.ActiveCfg = Debug|Any CPU
		{26B3F75F-AB7F-48F8-B234-F5A26E8CA319}.Debug|Any CPU.Build.0 = Debug|Any CPU
		{26B3F75F-AB7F-48F8-B234-F5A26E8CA319}.Release|Any CPU.ActiveCfg = Release|Any CPU
		{26B3F75F-AB7F-48F8-B234-F5A26E8CA319}.Release|Any CPU.Build.0 = Release|Any CPU
		{F02E4A8C-07E7-4C7F-B30A-3D5BE1C7CB98}.Debug|Any CPU.ActiveCfg = Debug|Any CPU
		{F02E4A8C-07E7-4C7F-B30A-3D5BE1C7CB98}.Debug|Any CPU.Build.0 = Debug|Any CPU
		{F02E4A8C-07E7-4C7F-B30A-3D5BE1C7CB98}.Release|Any CPU.ActiveCfg = Release|Any CPU
		{F02E4A8C-07E7-4C7F-B30A-3D5BE1C7CB98}.Release|Any CPU.Build.0 = Release|Any CPU
		{23425ADC-1091-46A0-94BF-8EA6A7F5EFD7}.Debug|Any CPU.ActiveCfg = Debug|Any CPU
		{23425ADC-1091-46A0-94BF-8EA6A7F5EFD7}.Debug|Any CPU.Build.0 = Debug|Any CPU
		{23425ADC-1091-46A0-94BF-8EA6A7F5EFD7}.Release|Any CPU.ActiveCfg = Release|Any CPU
		{23425ADC-1091-46A0-94BF-8EA6A7F5EFD7}.Release|Any CPU.Build.0 = Release|Any CPU
		{CA734AB9-F825-4DDA-BCB1-AD5FC464CAB0}.Debug|Any CPU.ActiveCfg = Debug|Any CPU
		{CA734AB9-F825-4DDA-BCB1-AD5FC464CAB0}.Debug|Any CPU.Build.0 = Debug|Any CPU
		{CA734AB9-F825-4DDA-BCB1-AD5FC464CAB0}.Release|Any CPU.ActiveCfg = Release|Any CPU
		{CA734AB9-F825-4DDA-BCB1-AD5FC464CAB0}.Release|Any CPU.Build.0 = Release|Any CPU
	EndGlobalSection
	GlobalSection(SolutionProperties) = preSolution
		HideSolutionNode = FALSE
	EndGlobalSection
	GlobalSection(ExtensibilityGlobals) = postSolution
		SolutionGuid = {FCBB04E4-2793-4CF8-9278-E932D3B254AC}
	EndGlobalSection
EndGlobal
